// !$*UTF8*$!
{
	archiveVersion = 1;
	classes = {
	};
	objectVersion = 77;
	objects = {

/* Begin PBXContainerItemProxy section */
		C30D44582E139E5800C3F8F6 /* PBXContainerItemProxy */ = {
			isa = PBXContainerItemProxy;
			containerPortal = C30D44412E139E5600C3F8F6 /* Project object */;
			proxyType = 1;
			remoteGlobalIDString = C30D44482E139E5600C3F8F6;
			remoteInfo = "DS-Store-Remover";
		};
		C30D44622E139E5800C3F8F6 /* PBXContainerItemProxy */ = {
			isa = PBXContainerItemProxy;
			containerPortal = C30D44412E139E5600C3F8F6 /* Project object */;
			proxyType = 1;
			remoteGlobalIDString = C30D44482E139E5600C3F8F6;
			remoteInfo = "DS-Store-Remover";
		};
/* End PBXContainerItemProxy section */

/* Begin PBXFileReference section */
		C30D44492E139E5600C3F8F6 /* DS-Store-Remover.app */ = {isa = PBXFileReference; explicitFileType = wrapper.application; includeInIndex = 0; path = "DS-Store-Remover.app"; sourceTree = BUILT_PRODUCTS_DIR; };
		C30D44572E139E5800C3F8F6 /* DS-Store-RemoverTests.xctest */ = {isa = PBXFileReference; explicitFileType = wrapper.cfbundle; includeInIndex = 0; path = "DS-Store-RemoverTests.xctest"; sourceTree = BUILT_PRODUCTS_DIR; };
		C30D44612E139E5800C3F8F6 /* DS-Store-RemoverUITests.xctest */ = {isa = PBXFileReference; explicitFileType = wrapper.cfbundle; includeInIndex = 0; path = "DS-Store-RemoverUITests.xctest"; sourceTree = BUILT_PRODUCTS_DIR; };
/* End PBXFileReference section */

/* Begin PBXFileSystemSynchronizedRootGroup section */
		C30D444B2E139E5600C3F8F6 /* DS-Store-Remover */ = {
			isa = PBXFileSystemSynchronizedRootGroup;
			path = "DS-Store-Remover";
			sourceTree = "<group>";
		};
		C30D445A2E139E5800C3F8F6 /* DS-Store-RemoverTests */ = {
			isa = PBXFileSystemSynchronizedRootGroup;
			path = "DS-Store-RemoverTests";
			sourceTree = "<group>";
		};
		C30D44642E139E5800C3F8F6 /* DS-Store-RemoverUITests */ = {
			isa = PBXFileSystemSynchronizedRootGroup;
			path = "DS-Store-RemoverUITests";
			sourceTree = "<group>";
		};
/* End PBXFileSystemSynchronizedRootGroup section */

/* Begin PBXFrameworksBuildPhase section */
		C30D44462E139E5600C3F8F6 /* Frameworks */ = {
			isa = PBXFrameworksBuildPhase;
			buildActionMask = 2147483647;
			files = (
			);
			runOnlyForDeploymentPostprocessing = 0;
		};
		C30D44542E139E5800C3F8F6 /* Frameworks */ = {
			isa = PBXFrameworksBuildPhase;
			buildActionMask = 2147483647;
			files = (
			);
			runOnlyForDeploymentPostprocessing = 0;
		};
		C30D445E2E139E5800C3F8F6 /* Frameworks */ = {
			isa = PBXFrameworksBuildPhase;
			buildActionMask = 2147483647;
			files = (
			);
			runOnlyForDeploymentPostprocessing = 0;
		};
/* End PBXFrameworksBuildPhase section */

/* Begin PBXGroup section */
		C30D44402E139E5600C3F8F6 = {
			isa = PBXGroup;
			children = (
				C30D444B2E139E5600C3F8F6 /* DS-Store-Remover */,
				C30D445A2E139E5800C3F8F6 /* DS-Store-RemoverTests */,
				C30D44642E139E5800C3F8F6 /* DS-Store-RemoverUITests */,
				C30D444A2E139E5600C3F8F6 /* Products */,
			);
			sourceTree = "<group>";
		};
		C30D444A2E139E5600C3F8F6 /* Products */ = {
			isa = PBXGroup;
			children = (
				C30D44492E139E5600C3F8F6 /* DS-Store-Remover.app */,
				C30D44572E139E5800C3F8F6 /* DS-Store-RemoverTests.xctest */,
				C30D44612E139E5800C3F8F6 /* DS-Store-RemoverUITests.xctest */,
			);
			name = Products;
			sourceTree = "<group>";
		};
/* End PBXGroup section */

/* Begin PBXNativeTarget section */
		C30D44482E139E5600C3F8F6 /* DS-Store-Remover */ = {
			isa = PBXNativeTarget;
			buildConfigurationList = C30D446B2E139E5800C3F8F6 /* Build configuration list for PBXNativeTarget "DS-Store-Remover" */;
			buildPhases = (
				C30D44452E139E5600C3F8F6 /* Sources */,
				C30D44462E139E5600C3F8F6 /* Frameworks */,
				C30D44472E139E5600C3F8F6 /* Resources */,
			);
			buildRules = (
			);
			dependencies = (
			);
			fileSystemSynchronizedGroups = (
				C30D444B2E139E5600C3F8F6 /* DS-Store-Remover */,
			);
			name = "DS-Store-Remover";
			packageProductDependencies = (
			);
			productName = "DS-Store-Remover";
			productReference = C30D44492E139E5600C3F8F6 /* DS-Store-Remover.app */;
			productType = "com.apple.product-type.application";
		};
		C30D44562E139E5800C3F8F6 /* DS-Store-RemoverTests */ = {
			isa = PBXNativeTarget;
			buildConfigurationList = C30D446E2E139E5800C3F8F6 /* Build configuration list for PBXNativeTarget "DS-Store-RemoverTests" */;
			buildPhases = (
				C30D44532E139E5800C3F8F6 /* Sources */,
				C30D44542E139E5800C3F8F6 /* Frameworks */,
				C30D44552E139E5800C3F8F6 /* Resources */,
			);
			buildRules = (
			);
			dependencies = (
				C30D44592E139E5800C3F8F6 /* PBXTargetDependency */,
			);
			fileSystemSynchronizedGroups = (
				C30D445A2E139E5800C3F8F6 /* DS-Store-RemoverTests */,
			);
			name = "DS-Store-RemoverTests";
			packageProductDependencies = (
			);
			productName = "DS-Store-RemoverTests";
			productReference = C30D44572E139E5800C3F8F6 /* DS-Store-RemoverTests.xctest */;
			productType = "com.apple.product-type.bundle.unit-test";
		};
		C30D44602E139E5800C3F8F6 /* DS-Store-RemoverUITests */ = {
			isa = PBXNativeTarget;
			buildConfigurationList = C30D44712E139E5800C3F8F6 /* Build configuration list for PBXNativeTarget "DS-Store-RemoverUITests" */;
			buildPhases = (
				C30D445D2E139E5800C3F8F6 /* Sources */,
				C30D445E2E139E5800C3F8F6 /* Frameworks */,
				C30D445F2E139E5800C3F8F6 /* Resources */,
			);
			buildRules = (
			);
			dependencies = (
				C30D44632E139E5800C3F8F6 /* PBXTargetDependency */,
			);
			fileSystemSynchronizedGroups = (
				C30D44642E139E5800C3F8F6 /* DS-Store-RemoverUITests */,
			);
			name = "DS-Store-RemoverUITests";
			packageProductDependencies = (
			);
			productName = "DS-Store-RemoverUITests";
			productReference = C30D44612E139E5800C3F8F6 /* DS-Store-RemoverUITests.xctest */;
			productType = "com.apple.product-type.bundle.ui-testing";
		};
/* End PBXNativeTarget section */

/* Begin PBXProject section */
		C30D44412E139E5600C3F8F6 /* Project object */ = {
			isa = PBXProject;
			attributes = {
				BuildIndependentTargetsInParallel = 1;
				LastSwiftUpdateCheck = 1640;
				LastUpgradeCheck = 1640;
				TargetAttributes = {
					C30D44482E139E5600C3F8F6 = {
						CreatedOnToolsVersion = 16.4;
					};
					C30D44562E139E5800C3F8F6 = {
						CreatedOnToolsVersion = 16.4;
						TestTargetID = C30D44482E139E5600C3F8F6;
					};
					C30D44602E139E5800C3F8F6 = {
						CreatedOnToolsVersion = 16.4;
						TestTargetID = C30D44482E139E5600C3F8F6;
					};
				};
			};
			buildConfigurationList = C30D44442E139E5600C3F8F6 /* Build configuration list for PBXProject "DS-Store-Remover" */;
			developmentRegion = en;
			hasScannedForEncodings = 0;
			knownRegions = (
				en,
				Base,
			);
			mainGroup = C30D44402E139E5600C3F8F6;
			minimizedProjectReferenceProxies = 1;
			preferredProjectObjectVersion = 77;
			productRefGroup = C30D444A2E139E5600C3F8F6 /* Products */;
			projectDirPath = "";
			projectRoot = "";
			targets = (
				C30D44482E139E5600C3F8F6 /* DS-Store-Remover */,
				C30D44562E139E5800C3F8F6 /* DS-Store-RemoverTests */,
				C30D44602E139E5800C3F8F6 /* DS-Store-RemoverUITests */,
			);
		};
/* End PBXProject section */

/* Begin PBXResourcesBuildPhase section */
		C30D44472E139E5600C3F8F6 /* Resources */ = {
			isa = PBXResourcesBuildPhase;
			buildActionMask = 2147483647;
			files = (
			);
			runOnlyForDeploymentPostprocessing = 0;
		};
		C30D44552E139E5800C3F8F6 /* Resources */ = {
			isa = PBXResourcesBuildPhase;
			buildActionMask = 2147483647;
			files = (
			);
			runOnlyForDeploymentPostprocessing = 0;
		};
		C30D445F2E139E5800C3F8F6 /* Resources */ = {
			isa = PBXResourcesBuildPhase;
			buildActionMask = 2147483647;
			files = (
			);
			runOnlyForDeploymentPostprocessing = 0;
		};
/* End PBXResourcesBuildPhase section */

/* Begin PBXSourcesBuildPhase section */
		C30D44452E139E5600C3F8F6 /* Sources */ = {
			isa = PBXSourcesBuildPhase;
			buildActionMask = 2147483647;
			files = (
			);
			runOnlyForDeploymentPostprocessing = 0;
		};
		C30D44532E139E5800C3F8F6 /* Sources */ = {
			isa = PBXSourcesBuildPhase;
			buildActionMask = 2147483647;
			files = (
			);
			runOnlyForDeploymentPostprocessing = 0;
		};
		C30D445D2E139E5800C3F8F6 /* Sources */ = {
			isa = PBXSourcesBuildPhase;
			buildActionMask = 2147483647;
			files = (
			);
			runOnlyForDeploymentPostprocessing = 0;
		};
/* End PBXSourcesBuildPhase section */

/* Begin PBXTargetDependency section */
		C30D44592E139E5800C3F8F6 /* PBXTargetDependency */ = {
			isa = PBXTargetDependency;
			target = C30D44482E139E5600C3F8F6 /* DS-Store-Remover */;
			targetProxy = C30D44582E139E5800C3F8F6 /* PBXContainerItemProxy */;
		};
		C30D44632E139E5800C3F8F6 /* PBXTargetDependency */ = {
			isa = PBXTargetDependency;
			target = C30D44482E139E5600C3F8F6 /* DS-Store-Remover */;
			targetProxy = C30D44622E139E5800C3F8F6 /* PBXContainerItemProxy */;
		};
/* End PBXTargetDependency section */

/* Begin XCBuildConfiguration section */
		C30D44692E139E5800C3F8F6 /* Debug */ = {
			isa = XCBuildConfiguration;
			buildSettings = {
				ALWAYS_SEARCH_USER_PATHS = NO;
				ASSETCATALOG_COMPILER_GENERATE_SWIFT_ASSET_SYMBOL_EXTENSIONS = YES;
				CLANG_ANALYZER_NONNULL = YES;
				CLANG_ANALYZER_NUMBER_OBJECT_CONVERSION = YES_AGGRESSIVE;
				CLANG_CXX_LANGUAGE_STANDARD = "gnu++20";
				CLANG_ENABLE_MODULES = YES;
				CLANG_ENABLE_OBJC_ARC = YES;
				CLANG_ENABLE_OBJC_WEAK = YES;
				CLANG_WARN_BLOCK_CAPTURE_AUTORELEASING = YES;
				CLANG_WARN_BOOL_CONVERSION = YES;
				CLANG_WARN_COMMA = YES;
				CLANG_WARN_CONSTANT_CONVERSION = YES;
				CLANG_WARN_DEPRECATED_OBJC_IMPLEMENTATIONS = YES;
				CLANG_WARN_DIRECT_OBJC_ISA_USAGE = YES_ERROR;
				CLANG_WARN_DOCUMENTATION_COMMENTS = YES;
				CLANG_WARN_EMPTY_BODY = YES;
				CLANG_WARN_ENUM_CONVERSION = YES;
				CLANG_WARN_INFINITE_RECURSION = YES;
				CLANG_WARN_INT_CONVERSION = YES;
				CLANG_WARN_NON_LITERAL_NULL_CONVERSION = YES;
				CLANG_WARN_OBJC_IMPLICIT_RETAIN_SELF = YES;
				CLANG_WARN_OBJC_LITERAL_CONVERSION = YES;
				CLANG_WARN_OBJC_ROOT_CLASS = YES_ERROR;
				CLANG_WARN_QUOTED_INCLUDE_IN_FRAMEWORK_HEADER = YES;
				CLANG_WARN_RANGE_LOOP_ANALYSIS = YES;
				CLANG_WARN_STRICT_PROTOTYPES = YES;
				CLANG_WARN_SUSPICIOUS_MOVE = YES;
				CLANG_WARN_UNGUARDED_AVAILABILITY = YES_AGGRESSIVE;
				CLANG_WARN_UNREACHABLE_CODE = YES;
				CLANG_WARN__DUPLICATE_METHOD_MATCH = YES;
				COPY_PHASE_STRIP = NO;
				DEBUG_INFORMATION_FORMAT = dwarf;
				ENABLE_STRICT_OBJC_MSGSEND = YES;
				ENABLE_TESTABILITY = YES;
				ENABLE_USER_SCRIPT_SANDBOXING = YES;
				GCC_C_LANGUAGE_STANDARD = gnu17;
				GCC_DYNAMIC_NO_PIC = NO;
				GCC_NO_COMMON_BLOCKS = YES;
				GCC_OPTIMIZATION_LEVEL = 0;
				GCC_PREPROCESSOR_DEFINITIONS = (
					"DEBUG=1",
					"$(inherited)",
				);
				GCC_WARN_64_TO_32_BIT_CONVERSION = YES;
				GCC_WARN_ABOUT_RETURN_TYPE = YES_ERROR;
				GCC_WARN_UNDECLARED_SELECTOR = YES;
				GCC_WARN_UNINITIALIZED_AUTOS = YES_AGGRESSIVE;
				GCC_WARN_UNUSED_FUNCTION = YES;
				GCC_WARN_UNUSED_VARIABLE = YES;
				LOCALIZATION_PREFERS_STRING_CATALOGS = YES;
				MACOSX_DEPLOYMENT_TARGET = 15.5;
				MTL_ENABLE_DEBUG_INFO = INCLUDE_SOURCE;
				MTL_FAST_MATH = YES;
				ONLY_ACTIVE_ARCH = YES;
				SDKROOT = macosx;
				SWIFT_ACTIVE_COMPILATION_CONDITIONS = "DEBUG $(inherited)";
				SWIFT_OPTIMIZATION_LEVEL = "-Onone";
			};
			name = Debug;
		};
		C30D446A2E139E5800C3F8F6 /* Release */ = {
			isa = XCBuildConfiguration;
			buildSettings = {
				ALWAYS_SEARCH_USER_PATHS = NO;
				ASSETCATALOG_COMPILER_GENERATE_SWIFT_ASSET_SYMBOL_EXTENSIONS = YES;
				CLANG_ANALYZER_NONNULL = YES;
				CLANG_ANALYZER_NUMBER_OBJECT_CONVERSION = YES_AGGRESSIVE;
				CLANG_CXX_LANGUAGE_STANDARD = "gnu++20";
				CLANG_ENABLE_MODULES = YES;
				CLANG_ENABLE_OBJC_ARC = YES;
				CLANG_ENABLE_OBJC_WEAK = YES;
				CLANG_WARN_BLOCK_CAPTURE_AUTORELEASING = YES;
				CLANG_WARN_BOOL_CONVERSION = YES;
				CLANG_WARN_COMMA = YES;
				CLANG_WARN_CONSTANT_CONVERSION = YES;
				CLANG_WARN_DEPRECATED_OBJC_IMPLEMENTATIONS = YES;
				CLANG_WARN_DIRECT_OBJC_ISA_USAGE = YES_ERROR;
				CLANG_WARN_DOCUMENTATION_COMMENTS = YES;
				CLANG_WARN_EMPTY_BODY = YES;
				CLANG_WARN_ENUM_CONVERSION = YES;
				CLANG_WARN_INFINITE_RECURSION = YES;
				CLANG_WARN_INT_CONVERSION = YES;
				CLANG_WARN_NON_LITERAL_NULL_CONVERSION = YES;
				CLANG_WARN_OBJC_IMPLICIT_RETAIN_SELF = YES;
				CLANG_WARN_OBJC_LITERAL_CONVERSION = YES;
				CLANG_WARN_OBJC_ROOT_CLASS = YES_ERROR;
				CLANG_WARN_QUOTED_INCLUDE_IN_FRAMEWORK_HEADER = YES;
				CLANG_WARN_RANGE_LOOP_ANALYSIS = YES;
				CLANG_WARN_STRICT_PROTOTYPES = YES;
				CLANG_WARN_SUSPICIOUS_MOVE = YES;
				CLANG_WARN_UNGUARDED_AVAILABILITY = YES_AGGRESSIVE;
				CLANG_WARN_UNREACHABLE_CODE = YES;
				CLANG_WARN__DUPLICATE_METHOD_MATCH = YES;
				COPY_PHASE_STRIP = NO;
				DEBUG_INFORMATION_FORMAT = "dwarf-with-dsym";
				ENABLE_NS_ASSERTIONS = NO;
				ENABLE_STRICT_OBJC_MSGSEND = YES;
				ENABLE_USER_SCRIPT_SANDBOXING = YES;
				GCC_C_LANGUAGE_STANDARD = gnu17;
				GCC_NO_COMMON_BLOCKS = YES;
				GCC_WARN_64_TO_32_BIT_CONVERSION = YES;
				GCC_WARN_ABOUT_RETURN_TYPE = YES_ERROR;
				GCC_WARN_UNDECLARED_SELECTOR = YES;
				GCC_WARN_UNINITIALIZED_AUTOS = YES_AGGRESSIVE;
				GCC_WARN_UNUSED_FUNCTION = YES;
				GCC_WARN_UNUSED_VARIABLE = YES;
				LOCALIZATION_PREFERS_STRING_CATALOGS = YES;
				MACOSX_DEPLOYMENT_TARGET = 15.5;
				MTL_ENABLE_DEBUG_INFO = NO;
				MTL_FAST_MATH = YES;
				SDKROOT = macosx;
				SWIFT_COMPILATION_MODE = wholemodule;
			};
			name = Release;
		};
		C30D446C2E139E5800C3F8F6 /* Debug */ = {
			isa = XCBuildConfiguration;
			buildSettings = {
				ASSETCATALOG_COMPILER_APPICON_NAME = AppIcon;
				ASSETCATALOG_COMPILER_GLOBAL_ACCENT_COLOR_NAME = AccentColor;
				CODE_SIGN_ENTITLEMENTS = "DS-Store-Remover/DS_Store_Remover.entitlements";
				CODE_SIGN_STYLE = Automatic;
				COMBINE_HIDPI_IMAGES = YES;
				ENABLE_PREVIEWS = YES;
				GENERATE_INFOPLIST_FILE = YES;
				INFOPLIST_KEY_LSApplicationCategoryType = "public.app-category.utilities";
				INFOPLIST_KEY_NSHumanReadableCopyright = "";
				LD_RUNPATH_SEARCH_PATHS = (
					"$(inherited)",
					"@executable_path/../Frameworks",
				);
				MACOSX_DEPLOYMENT_TARGET = 11.5;
				MARKETING_VERSION = 1.0;
				PRODUCT_BUNDLE_IDENTIFIER = "DS-Store-Remover";
				PRODUCT_NAME = "$(TARGET_NAME)";
				REGISTER_APP_GROUPS = YES;
				SWIFT_EMIT_LOC_STRINGS = YES;
				SWIFT_VERSION = 5.0;
			};
			name = Debug;
		};
		C30D446D2E139E5800C3F8F6 /* Release */ = {
			isa = XCBuildConfiguration;
			buildSettings = {
				ASSETCATALOG_COMPILER_APPICON_NAME = AppIcon;
				ASSETCATALOG_COMPILER_GLOBAL_ACCENT_COLOR_NAME = AccentColor;
				CODE_SIGN_ENTITLEMENTS = "DS-Store-Remover/DS_Store_Remover.entitlements";
				CODE_SIGN_STYLE = Automatic;
				COMBINE_HIDPI_IMAGES = YES;
				ENABLE_PREVIEWS = YES;
				GENERATE_INFOPLIST_FILE = YES;
				INFOPLIST_KEY_LSApplicationCategoryType = "public.app-category.utilities";
				INFOPLIST_KEY_NSHumanReadableCopyright = "";
				LD_RUNPATH_SEARCH_PATHS = (
					"$(inherited)",
					"@executable_path/../Frameworks",
				);
				MACOSX_DEPLOYMENT_TARGET = 11.5;
				MARKETING_VERSION = 1.0;
				PRODUCT_BUNDLE_IDENTIFIER = "DS-Store-Remover";
				PRODUCT_NAME = "$(TARGET_NAME)";
				REGISTER_APP_GROUPS = YES;
				SWIFT_EMIT_LOC_STRINGS = YES;
				SWIFT_VERSION = 5.0;
			};
			name = Release;
		};
		C30D446F2E139E5800C3F8F6 /* Debug */ = {
			isa = XCBuildConfiguration;
			buildSettings = {
				BUNDLE_LOADER = "$(TEST_HOST)";
				CODE_SIGN_STYLE = Automatic;
				CURRENT_PROJECT_VERSION = 1;
				GENERATE_INFOPLIST_FILE = YES;
				MACOSX_DEPLOYMENT_TARGET = 11.5;
				MARKETING_VERSION = 1.0;
				PRODUCT_BUNDLE_IDENTIFIER = "DS-Store-RemoverTests";
				PRODUCT_NAME = "$(TARGET_NAME)";
				SWIFT_EMIT_LOC_STRINGS = NO;
				SWIFT_VERSION = 5.0;
				TEST_HOST = "$(BUILT_PRODUCTS_DIR)/DS-Store-Remover.app/$(BUNDLE_EXECUTABLE_FOLDER_PATH)/DS-Store-Remover";
			};
			name = Debug;
		};
		C30D44702E139E5800C3F8F6 /* Release */ = {
			isa = XCBuildConfiguration;
			buildSettings = {
				BUNDLE_LOADER = "$(TEST_HOST)";
				CODE_SIGN_STYLE = Automatic;
				CURRENT_PROJECT_VERSION = 1;
				GENERATE_INFOPLIST_FILE = YES;
				MACOSX_DEPLOYMENT_TARGET = 11.5;
				MARKETING_VERSION = 1.0;
				PRODUCT_BUNDLE_IDENTIFIER = "DS-Store-RemoverTests";
				PRODUCT_NAME = "$(TARGET_NAME)";
				SWIFT_EMIT_LOC_STRINGS = NO;
				SWIFT_VERSION = 5.0;
				TEST_HOST = "$(BUILT_PRODUCTS_DIR)/DS-Store-Remover.app/$(BUNDLE_EXECUTABLE_FOLDER_PATH)/DS-Store-Remover";
			};
			name = Release;
		};
		C30D44722E139E5800C3F8F6 /* Debug */ = {
			isa = XCBuildConfiguration;
			buildSettings = {
				CODE_SIGN_STYLE = Automatic;
				CURRENT_PROJECT_VERSION = 1;
				GENERATE_INFOPLIST_FILE = YES;
				MACOSX_DEPLOYMENT_TARGET = 11.5;
				MARKETING_VERSION = 1.0;
				PRODUCT_BUNDLE_IDENTIFIER = "DS-Store-RemoverUITests";
				PRODUCT_NAME = "$(TARGET_NAME)";
				SWIFT_EMIT_LOC_STRINGS = NO;
				SWIFT_VERSION = 5.0;
				TEST_TARGET_NAME = "DS-Store-Remover";
			};
			name = Debug;
		};
		C30D44732E139E5800C3F8F6 /* Release */ = {
			isa = XCBuildConfiguration;
			buildSettings = {
				CODE_SIGN_STYLE = Automatic;
				CURRENT_PROJECT_VERSION = 1;
				GENERATE_INFOPLIST_FILE = YES;
				MACOSX_DEPLOYMENT_TARGET = 11.5;
				MARKETING_VERSION = 1.0;
				PRODUCT_BUNDLE_IDENTIFIER = "DS-Store-RemoverUITests";
				PRODUCT_NAME = "$(TARGET_NAME)";
				SWIFT_EMIT_LOC_STRINGS = NO;
				SWIFT_VERSION = 5.0;
				TEST_TARGET_NAME = "DS-Store-Remover";
			};
			name = Release;
		};
/* End XCBuildConfiguration section */

/* Begin XCConfigurationList section */
		C30D44442E139E5600C3F8F6 /* Build configuration list for PBXProject "DS-Store-Remover" */ = {
			isa = XCConfigurationList;
			buildConfigurations = (
				C30D44692E139E5800C3F8F6 /* Debug */,
				C30D446A2E139E5800C3F8F6 /* Release */,
			);
			defaultConfigurationIsVisible = 0;
			defaultConfigurationName = Release;
		};
		C30D446B2E139E5800C3F8F6 /* Build configuration list for PBXNativeTarget "DS-Store-Remover" */ = {
			isa = XCConfigurationList;
			buildConfigurations = (
				C30D446C2E139E5800C3F8F6 /* Debug */,
				C30D446D2E139E5800C3F8F6 /* Release */,
			);
			defaultConfigurationIsVisible = 0;
			defaultConfigurationName = Release;
		};
		C30D446E2E139E5800C3F8F6 /* Build configuration list for PBXNativeTarget "DS-Store-RemoverTests" */ = {
			isa = XCConfigurationList;
			buildConfigurations = (
				C30D446F2E139E5800C3F8F6 /* Debug */,
				C30D44702E139E5800C3F8F6 /* Release */,
			);
			defaultConfigurationIsVisible = 0;
			defaultConfigurationName = Release;
		};
		C30D44712E139E5800C3F8F6 /* Build configuration list for PBXNativeTarget "DS-Store-RemoverUITests" */ = {
			isa = XCConfigurationList;
			buildConfigurations = (
				C30D44722E139E5800C3F8F6 /* Debug */,
				C30D44732E139E5800C3F8F6 /* Release */,
			);
			defaultConfigurationIsVisible = 0;
			defaultConfigurationName = Release;
		};
/* End XCConfigurationList section */
	};
	rootObject = C30D44412E139E5600C3F8F6 /* Project object */;
}
